
Microsoft Visual Studio Solution File, Format Version 12.00
# Visual Studio 15
VisualStudioVersion = 15.0.28307.329
MinimumVisualStudioVersion = 10.0.40219.1
Project("{FAE04EC0-301F-11D3-BF4B-00C04F79EFBC}") = "LandasRLTracker", "LandasRLTracker\LandasRLTracker.csproj", "{F27BD6C0-225E-4ABE-968B-2BF4EAA31353}"
EndProject
Global
	GlobalSection(SolutionConfigurationPlatforms) = preSolution
		Debug|Any CPU = Debug|Any CPU
		Release|Any CPU = Release|Any CPU
	EndGlobalSection
	GlobalSection(ProjectConfigurationPlatforms) = postSolution
		{F27BD6C0-225E-4ABE-968B-2BF4EAA31353}.Debug|Any CPU.ActiveCfg = Debug|Any CPU
		{F27BD6C0-225E-4ABE-968B-2BF4EAA31353}.Debug|Any CPU.Build.0 = Debug|Any CPU
		{F27BD6C0-225E-4ABE-968B-2BF4EAA31353}.Release|Any CPU.ActiveCfg = Release|Any CPU
		{F27BD6C0-225E-4ABE-968B-2BF4EAA31353}.Release|Any CPU.Build.0 = Release|Any CPU
	EndGlobalSection
	GlobalSection(SolutionProperties) = preSolution
		HideSolutionNode = FALSE
	EndGlobalSection
	GlobalSection(ExtensibilityGlobals) = postSolution
		SolutionGuid = {704DEA4E-6674-49E6-A4AE-C10BDE15E287}
	EndGlobalSection
EndGlobal
