
Microsoft Visual Studio Solution File, Format Version 12.00
# Visual Studio 15
VisualStudioVersion = 15.0.28307.168
MinimumVisualStudioVersion = 10.0.40219.1
Project("{FAE04EC0-301F-11D3-BF4B-00C04F79EFBC}") = "LandasRLTracker", "LandasRLTracker\LandasRLTracker.csproj", "{9E7DD475-00C5-4435-830F-F1517E79531D}"
EndProject
Global
	GlobalSection(SolutionConfigurationPlatforms) = preSolution
		Debug|Any CPU = Debug|Any CPU
		Release|Any CPU = Release|Any CPU
	EndGlobalSection
	GlobalSection(ProjectConfigurationPlatforms) = postSolution
		{9E7DD475-00C5-4435-830F-F1517E79531D}.Debug|Any CPU.ActiveCfg = Debug|Any CPU
		{9E7DD475-00C5-4435-830F-F1517E79531D}.Debug|Any CPU.Build.0 = Debug|Any CPU
		{9E7DD475-00C5-4435-830F-F1517E79531D}.Release|Any CPU.ActiveCfg = Release|Any CPU
		{9E7DD475-00C5-4435-830F-F1517E79531D}.Release|Any CPU.Build.0 = Release|Any CPU
	EndGlobalSection
	GlobalSection(SolutionProperties) = preSolution
		HideSolutionNode = FALSE
	EndGlobalSection
	GlobalSection(ExtensibilityGlobals) = postSolution
		SolutionGuid = {BBDF59BD-93DE-4CED-8C28-63AE243D835C}
	EndGlobalSection
EndGlobal
